
Microsoft Visual Studio Solution File, Format Version 12.00
# Visual Studio 14
VisualStudioVersion = 14.0.25420.1
MinimumVisualStudioVersion = 10.0.40219.1
Project("{FAE04EC0-301F-11D3-BF4B-00C04F79EFBC}") = "Farmacia.Web", "Farmacia.Web\Farmacia.Web.csproj", "{E0E44E86-CE48-488A-900C-7538E15BF41C}"
EndProject
Project("{FAE04EC0-301F-11D3-BF4B-00C04F79EFBC}") = "Farmacia.Win", "Farmacia.Win\Farmacia.Win.csproj", "{604D6E3D-B17A-49FC-925A-B8125217D891}"
EndProject
Project("{FAE04EC0-301F-11D3-BF4B-00C04F79EFBC}") = "Farmacia.BL", "Farmacia.BL\Farmacia.BL.csproj", "{8316867A-5392-4D4C-B87A-1D4C03D82070}"
EndProject
Global
	GlobalSection(SolutionConfigurationPlatforms) = preSolution
		Debug|Any CPU = Debug|Any CPU
		Release|Any CPU = Release|Any CPU
	EndGlobalSection
	GlobalSection(ProjectConfigurationPlatforms) = postSolution
		{E0E44E86-CE48-488A-900C-7538E15BF41C}.Debug|Any CPU.ActiveCfg = Debug|Any CPU
		{E0E44E86-CE48-488A-900C-7538E15BF41C}.Debug|Any CPU.Build.0 = Debug|Any CPU
		{E0E44E86-CE48-488A-900C-7538E15BF41C}.Release|Any CPU.ActiveCfg = Release|Any CPU
		{E0E44E86-CE48-488A-900C-7538E15BF41C}.Release|Any CPU.Build.0 = Release|Any CPU
		{604D6E3D-B17A-49FC-925A-B8125217D891}.Debug|Any CPU.ActiveCfg = Debug|Any CPU
		{604D6E3D-B17A-49FC-925A-B8125217D891}.Debug|Any CPU.Build.0 = Debug|Any CPU
		{604D6E3D-B17A-49FC-925A-B8125217D891}.Release|Any CPU.ActiveCfg = Release|Any CPU
		{604D6E3D-B17A-49FC-925A-B8125217D891}.Release|Any CPU.Build.0 = Release|Any CPU
		{8316867A-5392-4D4C-B87A-1D4C03D82070}.Debug|Any CPU.ActiveCfg = Debug|Any CPU
		{8316867A-5392-4D4C-B87A-1D4C03D82070}.Debug|Any CPU.Build.0 = Debug|Any CPU
		{8316867A-5392-4D4C-B87A-1D4C03D82070}.Release|Any CPU.ActiveCfg = Release|Any CPU
		{8316867A-5392-4D4C-B87A-1D4C03D82070}.Release|Any CPU.Build.0 = Release|Any CPU
	EndGlobalSection
	GlobalSection(SolutionProperties) = preSolution
		HideSolutionNode = FALSE
	EndGlobalSection
EndGlobal
